Microsoft Visual Studio Solution File, Format Version 12.00
# Visual Studio 2012
Project("{FAE04EC0-301F-11D3-BF4B-00C04F79EFBC}") = "MathVisualization", "MathVisualization.csproj", "{03127B1B-A9FB-41F1-B88E-47B61407368C}"
EndProject
Global
	GlobalSection(SolutionConfigurationPlatforms) = preSolution
	Debug|Any CPU = Debug|Any CPU
	ExportDebug|Any CPU = ExportDebug|Any CPU
	ExportRelease|Any CPU = ExportRelease|Any CPU
	EndGlobalSection
	GlobalSection(ProjectConfigurationPlatforms) = postSolution
		{03127B1B-A9FB-41F1-B88E-47B61407368C}.Debug|Any CPU.ActiveCfg = Debug|Any CPU
		{03127B1B-A9FB-41F1-B88E-47B61407368C}.Debug|Any CPU.Build.0 = Debug|Any CPU
		{03127B1B-A9FB-41F1-B88E-47B61407368C}.ExportDebug|Any CPU.ActiveCfg = ExportDebug|Any CPU
		{03127B1B-A9FB-41F1-B88E-47B61407368C}.ExportDebug|Any CPU.Build.0 = ExportDebug|Any CPU
		{03127B1B-A9FB-41F1-B88E-47B61407368C}.ExportRelease|Any CPU.ActiveCfg = ExportRelease|Any CPU
		{03127B1B-A9FB-41F1-B88E-47B61407368C}.ExportRelease|Any CPU.Build.0 = ExportRelease|Any CPU
	EndGlobalSection
EndGlobal
